// !$*UTF8*$!
{
	archiveVersion = 1;
	classes = {
	};
	objectVersion = 55;
	objects = {

/* Begin PBXBuildFile section */
		22A33319289FC96000E3023D /* RexApp.swift in Sources */ = {isa = PBXBuildFile; fileRef = 22A33309289FC95F00E3023D /* RexApp.swift */; };
		22A3331A289FC96000E3023D /* RexApp.swift in Sources */ = {isa = PBXBuildFile; fileRef = 22A33309289FC95F00E3023D /* RexApp.swift */; };
		22A3331B289FC96000E3023D /* ContentView.swift in Sources */ = {isa = PBXBuildFile; fileRef = 22A3330A289FC95F00E3023D /* ContentView.swift */; };
		22A3331C289FC96000E3023D /* ContentView.swift in Sources */ = {isa = PBXBuildFile; fileRef = 22A3330A289FC95F00E3023D /* ContentView.swift */; };
		22A3331D289FC96000E3023D /* Assets.xcassets in Resources */ = {isa = PBXBuildFile; fileRef = 22A3330B289FC96000E3023D /* Assets.xcassets */; };
		22A3331E289FC96000E3023D /* Assets.xcassets in Resources */ = {isa = PBXBuildFile; fileRef = 22A3330B289FC96000E3023D /* Assets.xcassets */; };
		22A3332828A00BD900E3023D /* CameraView.swift in Sources */ = {isa = PBXBuildFile; fileRef = 22A3332728A00BD900E3023D /* CameraView.swift */; };
		22A3332928A00BD900E3023D /* CameraView.swift in Sources */ = {isa = PBXBuildFile; fileRef = 22A3332728A00BD900E3023D /* CameraView.swift */; };
		22A3333B28A13D8E00E3023D /* TextRecognizerClass.swift in Sources */ = {isa = PBXBuildFile; fileRef = 22A3333A28A13D8E00E3023D /* TextRecognizerClass.swift */; };
		22A3333C28A13D8E00E3023D /* TextRecognizerClass.swift in Sources */ = {isa = PBXBuildFile; fileRef = 22A3333A28A13D8E00E3023D /* TextRecognizerClass.swift */; };
		22A3333E28A13DF400E3023D /* ImageData.swift in Sources */ = {isa = PBXBuildFile; fileRef = 22A3333D28A13DF400E3023D /* ImageData.swift */; };
		22A3333F28A13DF400E3023D /* ImageData.swift in Sources */ = {isa = PBXBuildFile; fileRef = 22A3333D28A13DF400E3023D /* ImageData.swift */; };
		22A3334528A1697C00E3023D /* NavigationBar.swift in Sources */ = {isa = PBXBuildFile; fileRef = 22A3334428A1697C00E3023D /* NavigationBar.swift */; };
		22A3334628A1697C00E3023D /* NavigationBar.swift in Sources */ = {isa = PBXBuildFile; fileRef = 22A3334428A1697C00E3023D /* NavigationBar.swift */; };
		22F5152828A1730C004E0E7B /* ImageDataModel.swift in Sources */ = {isa = PBXBuildFile; fileRef = 22F5152728A1730C004E0E7B /* ImageDataModel.swift */; };
		22F5152928A1730C004E0E7B /* ImageDataModel.swift in Sources */ = {isa = PBXBuildFile; fileRef = 22F5152728A1730C004E0E7B /* ImageDataModel.swift */; };
		22F5153028A18263004E0E7B /* RexDataModel.xcdatamodeld in Sources */ = {isa = PBXBuildFile; fileRef = 22F5152E28A18263004E0E7B /* RexDataModel.xcdatamodeld */; };
		22F5153128A18263004E0E7B /* RexDataModel.xcdatamodeld in Sources */ = {isa = PBXBuildFile; fileRef = 22F5152E28A18263004E0E7B /* RexDataModel.xcdatamodeld */; };
		22F5153528A18354004E0E7B /* CoreDataManager.swift in Sources */ = {isa = PBXBuildFile; fileRef = 22F5153428A18354004E0E7B /* CoreDataManager.swift */; };
		22F5153628A18354004E0E7B /* CoreDataManager.swift in Sources */ = {isa = PBXBuildFile; fileRef = 22F5153428A18354004E0E7B /* CoreDataManager.swift */; };
/* End PBXBuildFile section */

/* Begin PBXFileReference section */
		22A33309289FC95F00E3023D /* RexApp.swift */ = {isa = PBXFileReference; lastKnownFileType = sourcecode.swift; path = RexApp.swift; sourceTree = "<group>"; };
		22A3330A289FC95F00E3023D /* ContentView.swift */ = {isa = PBXFileReference; lastKnownFileType = sourcecode.swift; path = ContentView.swift; sourceTree = "<group>"; };
		22A3330B289FC96000E3023D /* Assets.xcassets */ = {isa = PBXFileReference; lastKnownFileType = folder.assetcatalog; path = Assets.xcassets; sourceTree = "<group>"; };
		22A33310289FC96000E3023D /* Rex.app */ = {isa = PBXFileReference; explicitFileType = wrapper.application; includeInIndex = 0; path = Rex.app; sourceTree = BUILT_PRODUCTS_DIR; };
		22A33316289FC96000E3023D /* Rex.app */ = {isa = PBXFileReference; explicitFileType = wrapper.application; includeInIndex = 0; path = Rex.app; sourceTree = BUILT_PRODUCTS_DIR; };
		22A33318289FC96000E3023D /* macOS.entitlements */ = {isa = PBXFileReference; lastKnownFileType = text.plist.entitlements; path = macOS.entitlements; sourceTree = "<group>"; };
		22A3332728A00BD900E3023D /* CameraView.swift */ = {isa = PBXFileReference; lastKnownFileType = sourcecode.swift; path = CameraView.swift; sourceTree = "<group>"; };
		22A3332F28A11FFB00E3023D /* Rex--iOS--Info.plist */ = {isa = PBXFileReference; lastKnownFileType = text.plist; path = "Rex--iOS--Info.plist"; sourceTree = "<group>"; };
		22A3333A28A13D8E00E3023D /* TextRecognizerClass.swift */ = {isa = PBXFileReference; lastKnownFileType = sourcecode.swift; path = TextRecognizerClass.swift; sourceTree = "<group>"; };
		22A3333D28A13DF400E3023D /* ImageData.swift */ = {isa = PBXFileReference; lastKnownFileType = sourcecode.swift; path = ImageData.swift; sourceTree = "<group>"; };
		22A3334428A1697C00E3023D /* NavigationBar.swift */ = {isa = PBXFileReference; lastKnownFileType = sourcecode.swift; path = NavigationBar.swift; sourceTree = "<group>"; };
		22F5152728A1730C004E0E7B /* ImageDataModel.swift */ = {isa = PBXFileReference; lastKnownFileType = sourcecode.swift; path = ImageDataModel.swift; sourceTree = "<group>"; };
		22F5152F28A18263004E0E7B /* RexDataModel.xcdatamodel */ = {isa = PBXFileReference; lastKnownFileType = wrapper.xcdatamodel; path = RexDataModel.xcdatamodel; sourceTree = "<group>"; };
		22F5153428A18354004E0E7B /* CoreDataManager.swift */ = {isa = PBXFileReference; lastKnownFileType = sourcecode.swift; path = CoreDataManager.swift; sourceTree = "<group>"; };
/* End PBXFileReference section */

/* Begin PBXFrameworksBuildPhase section */
		22A3330D289FC96000E3023D /* Frameworks */ = {
			isa = PBXFrameworksBuildPhase;
			buildActionMask = 2147483647;
			files = (
			);
			runOnlyForDeploymentPostprocessing = 0;
		};
		22A33313289FC96000E3023D /* Frameworks */ = {
			isa = PBXFrameworksBuildPhase;
			buildActionMask = 2147483647;
			files = (
			);
			runOnlyForDeploymentPostprocessing = 0;
		};
/* End PBXFrameworksBuildPhase section */

/* Begin PBXGroup section */
		22A33303289FC95F00E3023D = {
			isa = PBXGroup;
			children = (
				22A3332F28A11FFB00E3023D /* Rex--iOS--Info.plist */,
				22A33308289FC95F00E3023D /* Shared */,
				22A33317289FC96000E3023D /* macOS */,
				22A33311289FC96000E3023D /* Products */,
			);
			sourceTree = "<group>";
		};
		22A33308289FC95F00E3023D /* Shared */ = {
			isa = PBXGroup;
			children = (
				22F5153228A18338004E0E7B /* Manager */,
				22A3332A28A00C0800E3023D /* view */,
				22A33309289FC95F00E3023D /* RexApp.swift */,
				22A3330A289FC95F00E3023D /* ContentView.swift */,
				22F5152E28A18263004E0E7B /* RexDataModel.xcdatamodeld */,
				22A3330B289FC96000E3023D /* Assets.xcassets */,
			);
			path = Shared;
			sourceTree = "<group>";
		};
		22A33311289FC96000E3023D /* Products */ = {
			isa = PBXGroup;
			children = (
				22A33310289FC96000E3023D /* Rex.app */,
				22A33316289FC96000E3023D /* Rex.app */,
			);
			name = Products;
			sourceTree = "<group>";
		};
		22A33317289FC96000E3023D /* macOS */ = {
			isa = PBXGroup;
			children = (
				22A33318289FC96000E3023D /* macOS.entitlements */,
			);
			path = macOS;
			sourceTree = "<group>";
		};
		22A3332A28A00C0800E3023D /* view */ = {
			isa = PBXGroup;
			children = (
				22A3334028A167A400E3023D /* navigationBar */,
				22A3333928A13D6F00E3023D /* textRecognizer */,
				22A3332B28A00D1000E3023D /* camera */,
			);
			path = view;
			sourceTree = "<group>";
		};
		22A3332B28A00D1000E3023D /* camera */ = {
			isa = PBXGroup;
			children = (
				22A3332728A00BD900E3023D /* CameraView.swift */,
				22A3333D28A13DF400E3023D /* ImageData.swift */,
				22F5152728A1730C004E0E7B /* ImageDataModel.swift */,
			);
			path = camera;
			sourceTree = "<group>";
		};
		22A3333928A13D6F00E3023D /* textRecognizer */ = {
			isa = PBXGroup;
			children = (
				22A3333A28A13D8E00E3023D /* TextRecognizerClass.swift */,
			);
			path = textRecognizer;
			sourceTree = "<group>";
		};
		22A3334028A167A400E3023D /* navigationBar */ = {
			isa = PBXGroup;
			children = (
				22A3334428A1697C00E3023D /* NavigationBar.swift */,
			);
			path = navigationBar;
			sourceTree = "<group>";
		};
		22F5153228A18338004E0E7B /* Manager */ = {
			isa = PBXGroup;
			children = (
				22F5153428A18354004E0E7B /* CoreDataManager.swift */,
			);
			path = Manager;
			sourceTree = "<group>";
		};
/* End PBXGroup section */

/* Begin PBXNativeTarget section */
		22A3330F289FC96000E3023D /* Rex (iOS) */ = {
			isa = PBXNativeTarget;
			buildConfigurationList = 22A33321289FC96000E3023D /* Build configuration list for PBXNativeTarget "Rex (iOS)" */;
			buildPhases = (
				22A3330C289FC96000E3023D /* Sources */,
				22A3330D289FC96000E3023D /* Frameworks */,
				22A3330E289FC96000E3023D /* Resources */,
			);
			buildRules = (
			);
			dependencies = (
			);
			name = "Rex (iOS)";
			productName = "Rex (iOS)";
			productReference = 22A33310289FC96000E3023D /* Rex.app */;
			productType = "com.apple.product-type.application";
		};
		22A33315289FC96000E3023D /* Rex (macOS) */ = {
			isa = PBXNativeTarget;
			buildConfigurationList = 22A33324289FC96000E3023D /* Build configuration list for PBXNativeTarget "Rex (macOS)" */;
			buildPhases = (
				22A33312289FC96000E3023D /* Sources */,
				22A33313289FC96000E3023D /* Frameworks */,
				22A33314289FC96000E3023D /* Resources */,
			);
			buildRules = (
			);
			dependencies = (
			);
			name = "Rex (macOS)";
			productName = "Rex (macOS)";
			productReference = 22A33316289FC96000E3023D /* Rex.app */;
			productType = "com.apple.product-type.application";
		};
/* End PBXNativeTarget section */

/* Begin PBXProject section */
		22A33304289FC95F00E3023D /* Project object */ = {
			isa = PBXProject;
			attributes = {
				BuildIndependentTargetsInParallel = 1;
				LastSwiftUpdateCheck = 1340;
				LastUpgradeCheck = 1340;
				TargetAttributes = {
					22A3330F289FC96000E3023D = {
						CreatedOnToolsVersion = 13.4.1;
					};
					22A33315289FC96000E3023D = {
						CreatedOnToolsVersion = 13.4.1;
					};
				};
			};
			buildConfigurationList = 22A33307289FC95F00E3023D /* Build configuration list for PBXProject "Rex" */;
			compatibilityVersion = "Xcode 13.0";
			developmentRegion = en;
			hasScannedForEncodings = 0;
			knownRegions = (
				en,
				Base,
			);
			mainGroup = 22A33303289FC95F00E3023D;
			productRefGroup = 22A33311289FC96000E3023D /* Products */;
			projectDirPath = "";
			projectRoot = "";
			targets = (
				22A3330F289FC96000E3023D /* Rex (iOS) */,
				22A33315289FC96000E3023D /* Rex (macOS) */,
			);
		};
/* End PBXProject section */

/* Begin PBXResourcesBuildPhase section */
		22A3330E289FC96000E3023D /* Resources */ = {
			isa = PBXResourcesBuildPhase;
			buildActionMask = 2147483647;
			files = (
				22A3331D289FC96000E3023D /* Assets.xcassets in Resources */,
			);
			runOnlyForDeploymentPostprocessing = 0;
		};
		22A33314289FC96000E3023D /* Resources */ = {
			isa = PBXResourcesBuildPhase;
			buildActionMask = 2147483647;
			files = (
				22A3331E289FC96000E3023D /* Assets.xcassets in Resources */,
			);
			runOnlyForDeploymentPostprocessing = 0;
		};
/* End PBXResourcesBuildPhase section */

/* Begin PBXSourcesBuildPhase section */
		22A3330C289FC96000E3023D /* Sources */ = {
			isa = PBXSourcesBuildPhase;
			buildActionMask = 2147483647;
			files = (
				22A3332828A00BD900E3023D /* CameraView.swift in Sources */,
				22A3331B289FC96000E3023D /* ContentView.swift in Sources */,
				22F5152828A1730C004E0E7B /* ImageDataModel.swift in Sources */,
				22F5153028A18263004E0E7B /* RexDataModel.xcdatamodeld in Sources */,
				22A33319289FC96000E3023D /* RexApp.swift in Sources */,
				22A3333E28A13DF400E3023D /* ImageData.swift in Sources */,
				22F5153528A18354004E0E7B /* CoreDataManager.swift in Sources */,
				22A3333B28A13D8E00E3023D /* TextRecognizerClass.swift in Sources */,
				22A3334528A1697C00E3023D /* NavigationBar.swift in Sources */,
			);
			runOnlyForDeploymentPostprocessing = 0;
		};
		22A33312289FC96000E3023D /* Sources */ = {
			isa = PBXSourcesBuildPhase;
			buildActionMask = 2147483647;
			files = (
				22A3332928A00BD900E3023D /* CameraView.swift in Sources */,
				22A3331C289FC96000E3023D /* ContentView.swift in Sources */,
				22F5152928A1730C004E0E7B /* ImageDataModel.swift in Sources */,
				22F5153128A18263004E0E7B /* RexDataModel.xcdatamodeld in Sources */,
				22A3331A289FC96000E3023D /* RexApp.swift in Sources */,
				22A3333F28A13DF400E3023D /* ImageData.swift in Sources */,
				22F5153628A18354004E0E7B /* CoreDataManager.swift in Sources */,
				22A3333C28A13D8E00E3023D /* TextRecognizerClass.swift in Sources */,
				22A3334628A1697C00E3023D /* NavigationBar.swift in Sources */,
			);
			runOnlyForDeploymentPostprocessing = 0;
		};
/* End PBXSourcesBuildPhase section */

/* Begin XCBuildConfiguration section */
		22A3331F289FC96000E3023D /* Debug */ = {
			isa = XCBuildConfiguration;
			buildSettings = {
				ALWAYS_SEARCH_USER_PATHS = NO;
				CLANG_ANALYZER_NONNULL = YES;
				CLANG_ANALYZER_NUMBER_OBJECT_CONVERSION = YES_AGGRESSIVE;
				CLANG_CXX_LANGUAGE_STANDARD = "gnu++17";
				CLANG_ENABLE_MODULES = YES;
				CLANG_ENABLE_OBJC_ARC = YES;
				CLANG_ENABLE_OBJC_WEAK = YES;
				CLANG_WARN_BLOCK_CAPTURE_AUTORELEASING = YES;
				CLANG_WARN_BOOL_CONVERSION = YES;
				CLANG_WARN_COMMA = YES;
				CLANG_WARN_CONSTANT_CONVERSION = YES;
				CLANG_WARN_DEPRECATED_OBJC_IMPLEMENTATIONS = YES;
				CLANG_WARN_DIRECT_OBJC_ISA_USAGE = YES_ERROR;
				CLANG_WARN_DOCUMENTATION_COMMENTS = YES;
				CLANG_WARN_EMPTY_BODY = YES;
				CLANG_WARN_ENUM_CONVERSION = YES;
				CLANG_WARN_INFINITE_RECURSION = YES;
				CLANG_WARN_INT_CONVERSION = YES;
				CLANG_WARN_NON_LITERAL_NULL_CONVERSION = YES;
				CLANG_WARN_OBJC_IMPLICIT_RETAIN_SELF = YES;
				CLANG_WARN_OBJC_LITERAL_CONVERSION = YES;
				CLANG_WARN_OBJC_ROOT_CLASS = YES_ERROR;
				CLANG_WARN_QUOTED_INCLUDE_IN_FRAMEWORK_HEADER = YES;
				CLANG_WARN_RANGE_LOOP_ANALYSIS = YES;
				CLANG_WARN_STRICT_PROTOTYPES = YES;
				CLANG_WARN_SUSPICIOUS_MOVE = YES;
				CLANG_WARN_UNGUARDED_AVAILABILITY = YES_AGGRESSIVE;
				CLANG_WARN_UNREACHABLE_CODE = YES;
				CLANG_WARN__DUPLICATE_METHOD_MATCH = YES;
				COPY_PHASE_STRIP = NO;
				DEBUG_INFORMATION_FORMAT = dwarf;
				ENABLE_STRICT_OBJC_MSGSEND = YES;
				ENABLE_TESTABILITY = YES;
				GCC_C_LANGUAGE_STANDARD = gnu11;
				GCC_DYNAMIC_NO_PIC = NO;
				GCC_NO_COMMON_BLOCKS = YES;
				GCC_OPTIMIZATION_LEVEL = 0;
				GCC_PREPROCESSOR_DEFINITIONS = (
					"DEBUG=1",
					"$(inherited)",
				);
				GCC_WARN_64_TO_32_BIT_CONVERSION = YES;
				GCC_WARN_ABOUT_RETURN_TYPE = YES_ERROR;
				GCC_WARN_UNDECLARED_SELECTOR = YES;
				GCC_WARN_UNINITIALIZED_AUTOS = YES_AGGRESSIVE;
				GCC_WARN_UNUSED_FUNCTION = YES;
				GCC_WARN_UNUSED_VARIABLE = YES;
				MTL_ENABLE_DEBUG_INFO = INCLUDE_SOURCE;
				MTL_FAST_MATH = YES;
				ONLY_ACTIVE_ARCH = YES;
				SWIFT_ACTIVE_COMPILATION_CONDITIONS = DEBUG;
				SWIFT_OPTIMIZATION_LEVEL = "-Onone";
			};
			name = Debug;
		};
		22A33320289FC96000E3023D /* Release */ = {
			isa = XCBuildConfiguration;
			buildSettings = {
				ALWAYS_SEARCH_USER_PATHS = NO;
				CLANG_ANALYZER_NONNULL = YES;
				CLANG_ANALYZER_NUMBER_OBJECT_CONVERSION = YES_AGGRESSIVE;
				CLANG_CXX_LANGUAGE_STANDARD = "gnu++17";
				CLANG_ENABLE_MODULES = YES;
				CLANG_ENABLE_OBJC_ARC = YES;
				CLANG_ENABLE_OBJC_WEAK = YES;
				CLANG_WARN_BLOCK_CAPTURE_AUTORELEASING = YES;
				CLANG_WARN_BOOL_CONVERSION = YES;
				CLANG_WARN_COMMA = YES;
				CLANG_WARN_CONSTANT_CONVERSION = YES;
				CLANG_WARN_DEPRECATED_OBJC_IMPLEMENTATIONS = YES;
				CLANG_WARN_DIRECT_OBJC_ISA_USAGE = YES_ERROR;
				CLANG_WARN_DOCUMENTATION_COMMENTS = YES;
				CLANG_WARN_EMPTY_BODY = YES;
				CLANG_WARN_ENUM_CONVERSION = YES;
				CLANG_WARN_INFINITE_RECURSION = YES;
				CLANG_WARN_INT_CONVERSION = YES;
				CLANG_WARN_NON_LITERAL_NULL_CONVERSION = YES;
				CLANG_WARN_OBJC_IMPLICIT_RETAIN_SELF = YES;
				CLANG_WARN_OBJC_LITERAL_CONVERSION = YES;
				CLANG_WARN_OBJC_ROOT_CLASS = YES_ERROR;
				CLANG_WARN_QUOTED_INCLUDE_IN_FRAMEWORK_HEADER = YES;
				CLANG_WARN_RANGE_LOOP_ANALYSIS = YES;
				CLANG_WARN_STRICT_PROTOTYPES = YES;
				CLANG_WARN_SUSPICIOUS_MOVE = YES;
				CLANG_WARN_UNGUARDED_AVAILABILITY = YES_AGGRESSIVE;
				CLANG_WARN_UNREACHABLE_CODE = YES;
				CLANG_WARN__DUPLICATE_METHOD_MATCH = YES;
				COPY_PHASE_STRIP = NO;
				DEBUG_INFORMATION_FORMAT = "dwarf-with-dsym";
				ENABLE_NS_ASSERTIONS = NO;
				ENABLE_STRICT_OBJC_MSGSEND = YES;
				GCC_C_LANGUAGE_STANDARD = gnu11;
				GCC_NO_COMMON_BLOCKS = YES;
				GCC_WARN_64_TO_32_BIT_CONVERSION = YES;
				GCC_WARN_ABOUT_RETURN_TYPE = YES_ERROR;
				GCC_WARN_UNDECLARED_SELECTOR = YES;
				GCC_WARN_UNINITIALIZED_AUTOS = YES_AGGRESSIVE;
				GCC_WARN_UNUSED_FUNCTION = YES;
				GCC_WARN_UNUSED_VARIABLE = YES;
				MTL_ENABLE_DEBUG_INFO = NO;
				MTL_FAST_MATH = YES;
				SWIFT_COMPILATION_MODE = wholemodule;
				SWIFT_OPTIMIZATION_LEVEL = "-O";
			};
			name = Release;
		};
		22A33322289FC96000E3023D /* Debug */ = {
			isa = XCBuildConfiguration;
			buildSettings = {
				ASSETCATALOG_COMPILER_APPICON_NAME = AppIcon;
				ASSETCATALOG_COMPILER_GLOBAL_ACCENT_COLOR_NAME = AccentColor;
				CODE_SIGN_STYLE = Automatic;
				CURRENT_PROJECT_VERSION = 1;
				DEVELOPMENT_TEAM = 8BB79ZRWF7;
				ENABLE_PREVIEWS = YES;
				GENERATE_INFOPLIST_FILE = YES;
				INFOPLIST_FILE = "Rex--iOS--Info.plist";
				INFOPLIST_KEY_NSCameraUsageDescription = "take photos";
				INFOPLIST_KEY_UIApplicationSceneManifest_Generation = YES;
				INFOPLIST_KEY_UIApplicationSupportsIndirectInputEvents = YES;
				INFOPLIST_KEY_UILaunchScreen_Generation = YES;
				INFOPLIST_KEY_UISupportedInterfaceOrientations_iPad = "UIInterfaceOrientationPortrait UIInterfaceOrientationPortraitUpsideDown UIInterfaceOrientationLandscapeLeft UIInterfaceOrientationLandscapeRight";
				INFOPLIST_KEY_UISupportedInterfaceOrientations_iPhone = "UIInterfaceOrientationPortrait UIInterfaceOrientationLandscapeLeft UIInterfaceOrientationLandscapeRight";
				IPHONEOS_DEPLOYMENT_TARGET = 15.5;
				LD_RUNPATH_SEARCH_PATHS = (
					"$(inherited)",
					"@executable_path/Frameworks",
				);
				MARKETING_VERSION = 1.0;
				PRODUCT_BUNDLE_IDENTIFIER = WeeSamWong.Rex;
				PRODUCT_NAME = Rex;
				SDKROOT = iphoneos;
				SWIFT_EMIT_LOC_STRINGS = YES;
				SWIFT_VERSION = 5.0;
				TARGETED_DEVICE_FAMILY = "1,2";
			};
			name = Debug;
		};
		22A33323289FC96000E3023D /* Release */ = {
			isa = XCBuildConfiguration;
			buildSettings = {
				ASSETCATALOG_COMPILER_APPICON_NAME = AppIcon;
				ASSETCATALOG_COMPILER_GLOBAL_ACCENT_COLOR_NAME = AccentColor;
				CODE_SIGN_STYLE = Automatic;
				CURRENT_PROJECT_VERSION = 1;
				DEVELOPMENT_TEAM = 8BB79ZRWF7;
				ENABLE_PREVIEWS = YES;
				GENERATE_INFOPLIST_FILE = YES;
				INFOPLIST_FILE = "Rex--iOS--Info.plist";
				INFOPLIST_KEY_NSCameraUsageDescription = "take photos";
				INFOPLIST_KEY_UIApplicationSceneManifest_Generation = YES;
				INFOPLIST_KEY_UIApplicationSupportsIndirectInputEvents = YES;
				INFOPLIST_KEY_UILaunchScreen_Generation = YES;
				INFOPLIST_KEY_UISupportedInterfaceOrientations_iPad = "UIInterfaceOrientationPortrait UIInterfaceOrientationPortraitUpsideDown UIInterfaceOrientationLandscapeLeft UIInterfaceOrientationLandscapeRight";
				INFOPLIST_KEY_UISupportedInterfaceOrientations_iPhone = "UIInterfaceOrientationPortrait UIInterfaceOrientationLandscapeLeft UIInterfaceOrientationLandscapeRight";
				IPHONEOS_DEPLOYMENT_TARGET = 15.5;
				LD_RUNPATH_SEARCH_PATHS = (
					"$(inherited)",
					"@executable_path/Frameworks",
				);
				MARKETING_VERSION = 1.0;
				PRODUCT_BUNDLE_IDENTIFIER = WeeSamWong.Rex;
				PRODUCT_NAME = Rex;
				SDKROOT = iphoneos;
				SWIFT_EMIT_LOC_STRINGS = YES;
				SWIFT_VERSION = 5.0;
				TARGETED_DEVICE_FAMILY = "1,2";
				VALIDATE_PRODUCT = YES;
			};
			name = Release;
		};
		22A33325289FC96000E3023D /* Debug */ = {
			isa = XCBuildConfiguration;
			buildSettings = {
				ASSETCATALOG_COMPILER_APPICON_NAME = AppIcon;
				ASSETCATALOG_COMPILER_GLOBAL_ACCENT_COLOR_NAME = AccentColor;
				CODE_SIGN_ENTITLEMENTS = macOS/macOS.entitlements;
				CODE_SIGN_STYLE = Automatic;
				COMBINE_HIDPI_IMAGES = YES;
				CURRENT_PROJECT_VERSION = 1;
				DEVELOPMENT_TEAM = 8BB79ZRWF7;
				ENABLE_HARDENED_RUNTIME = YES;
				ENABLE_PREVIEWS = YES;
				GENERATE_INFOPLIST_FILE = YES;
				INFOPLIST_KEY_NSHumanReadableCopyright = "";
				LD_RUNPATH_SEARCH_PATHS = (
					"$(inherited)",
					"@executable_path/../Frameworks",
				);
				MACOSX_DEPLOYMENT_TARGET = 12.3;
				MARKETING_VERSION = 1.0;
				PRODUCT_BUNDLE_IDENTIFIER = WeeSamWong.Rex;
				PRODUCT_NAME = Rex;
				SDKROOT = macosx;
				SWIFT_EMIT_LOC_STRINGS = YES;
				SWIFT_VERSION = 5.0;
			};
			name = Debug;
		};
		22A33326289FC96000E3023D /* Release */ = {
			isa = XCBuildConfiguration;
			buildSettings = {
				ASSETCATALOG_COMPILER_APPICON_NAME = AppIcon;
				ASSETCATALOG_COMPILER_GLOBAL_ACCENT_COLOR_NAME = AccentColor;
				CODE_SIGN_ENTITLEMENTS = macOS/macOS.entitlements;
				CODE_SIGN_STYLE = Automatic;
				COMBINE_HIDPI_IMAGES = YES;
				CURRENT_PROJECT_VERSION = 1;
				DEVELOPMENT_TEAM = 8BB79ZRWF7;
				ENABLE_HARDENED_RUNTIME = YES;
				ENABLE_PREVIEWS = YES;
				GENERATE_INFOPLIST_FILE = YES;
				INFOPLIST_KEY_NSHumanReadableCopyright = "";
				LD_RUNPATH_SEARCH_PATHS = (
					"$(inherited)",
					"@executable_path/../Frameworks",
				);
				MACOSX_DEPLOYMENT_TARGET = 12.3;
				MARKETING_VERSION = 1.0;
				PRODUCT_BUNDLE_IDENTIFIER = WeeSamWong.Rex;
				PRODUCT_NAME = Rex;
				SDKROOT = macosx;
				SWIFT_EMIT_LOC_STRINGS = YES;
				SWIFT_VERSION = 5.0;
			};
			name = Release;
		};
/* End XCBuildConfiguration section */

/* Begin XCConfigurationList section */
		22A33307289FC95F00E3023D /* Build configuration list for PBXProject "Rex" */ = {
			isa = XCConfigurationList;
			buildConfigurations = (
				22A3331F289FC96000E3023D /* Debug */,
				22A33320289FC96000E3023D /* Release */,
			);
			defaultConfigurationIsVisible = 0;
			defaultConfigurationName = Release;
		};
		22A33321289FC96000E3023D /* Build configuration list for PBXNativeTarget "Rex (iOS)" */ = {
			isa = XCConfigurationList;
			buildConfigurations = (
				22A33322289FC96000E3023D /* Debug */,
				22A33323289FC96000E3023D /* Release */,
			);
			defaultConfigurationIsVisible = 0;
			defaultConfigurationName = Release;
		};
		22A33324289FC96000E3023D /* Build configuration list for PBXNativeTarget "Rex (macOS)" */ = {
			isa = XCConfigurationList;
			buildConfigurations = (
				22A33325289FC96000E3023D /* Debug */,
				22A33326289FC96000E3023D /* Release */,
			);
			defaultConfigurationIsVisible = 0;
			defaultConfigurationName = Release;
		};
/* End XCConfigurationList section */

/* Begin XCVersionGroup section */
		22F5152E28A18263004E0E7B /* RexDataModel.xcdatamodeld */ = {
			isa = XCVersionGroup;
			children = (
				22F5152F28A18263004E0E7B /* RexDataModel.xcdatamodel */,
			);
			currentVersion = 22F5152F28A18263004E0E7B /* RexDataModel.xcdatamodel */;
			path = RexDataModel.xcdatamodeld;
			sourceTree = "<group>";
			versionGroupType = wrapper.xcdatamodel;
		};
/* End XCVersionGroup section */
	};
	rootObject = 22A33304289FC95F00E3023D /* Project object */;
}
